
Microsoft Visual Studio Solution File, Format Version 12.00
# Visual Studio Version 16
VisualStudioVersion = 16.0.29409.12
MinimumVisualStudioVersion = 10.0.40219.1
Project("{FAE04EC0-301F-11D3-BF4B-00C04F79EFBC}") = "WahlgrenFinalIS432", "WahlgrenFinalIS432\WahlgrenFinalIS432.csproj", "{CE447FA0-3F62-4052-91F6-DDB333550FE5}"
EndProject
Global
	GlobalSection(SolutionConfigurationPlatforms) = preSolution
		Debug|Any CPU = Debug|Any CPU
		Release|Any CPU = Release|Any CPU
	EndGlobalSection
	GlobalSection(ProjectConfigurationPlatforms) = postSolution
		{CE447FA0-3F62-4052-91F6-DDB333550FE5}.Debug|Any CPU.ActiveCfg = Debug|Any CPU
		{CE447FA0-3F62-4052-91F6-DDB333550FE5}.Debug|Any CPU.Build.0 = Debug|Any CPU
		{CE447FA0-3F62-4052-91F6-DDB333550FE5}.Release|Any CPU.ActiveCfg = Release|Any CPU
		{CE447FA0-3F62-4052-91F6-DDB333550FE5}.Release|Any CPU.Build.0 = Release|Any CPU
	EndGlobalSection
	GlobalSection(SolutionProperties) = preSolution
		HideSolutionNode = FALSE
	EndGlobalSection
	GlobalSection(ExtensibilityGlobals) = postSolution
		SolutionGuid = {8D52FEC6-359B-4BD6-B1C8-ACD33E01FEEE}
	EndGlobalSection
EndGlobal
